{
  "lockfileVersion": 1,
  "configVersion": 1,
  "workspaces": {
    "": {
      "dependencies": {
        "ansi-to-svg": "^1.4.3",
      },
    },
  },
  "packages": {
    "@xmldom/xmldom": ["@xmldom/xmldom@0.9.10", "", {}, "sha512-A9gOqLdi6cV4ibazAjcQufGj0B1y/vDqYrcuP6d/6x8P27gRS8643Dj9o1dEKtB6O7fwxb2FgBmJS2mX7gpvdw=="],

    "ansi-regex": ["ansi-regex@3.0.1", "", {}, "sha512-+O9Jct8wf++lXxxFc4hc8LsjaSq0HFzzL7cVsw8pRDIPdjKD2mT4ytDZlLuSBZ4cLKZFXIrMGO7DbQCtMJJMKw=="],

    "ansi-to": ["ansi-to@1.5.1", "", { "dependencies": { "deepmerge": "^2.1.0", "itermcolors-to-hex": "^1.0.1", "parse-ansi": "^1.0.3" } }, "sha512-fsfvV6jp4lUKB9+13WLWpd7h0d5oU7oSUITyBmNXWQwuIaGTxpgFe5GUUVzajj0Wb2oHn7mHkizoPNXReitinA=="],

    "ansi-to-svg": ["ansi-to-svg@1.4.3", "", { "dependencies": { "ansi-to": "^1.3.0", "he": "^1.1.1" } }, "sha512-kFF+NtyYtzlW4fUaXbavTgwo0akCjYz7DjyzVpL09BWwgWwhPZSilAJW2zMXsV7V/ly61P0bnWF6l0brmdYebQ=="],

    "array-uniq": ["array-uniq@1.0.3", "", {}, "sha512-MNha4BWQ6JbwhFhj03YK552f7cb3AzoE8SzeljgChvL1dl3IcvggXVz1DilzySZkCja+CXuZbdW7yATchWn8/Q=="],

    "base64-js": ["base64-js@1.5.1", "", {}, "sha512-AKpaYlHn8t4SVbOHCy+b5+KKgvR4vrsD8vbvrbiQJps7fKDTkjkDry6ji0rUJjC0kzbNePLwzxq8iypo41qeWA=="],

    "deepmerge": ["deepmerge@2.2.1", "", {}, "sha512-R9hc1Xa/NOBi9WRVUWg19rl1UB7Tt4kuPd+thNJgFZoxXsTz7ncaPaeIm+40oSGuP33DfMb4sZt1QIGiJzC4EA=="],

    "he": ["he@1.2.0", "", { "bin": { "he": "bin/he" } }, "sha512-F/1DnUGPopORZi0ni+CvrCgHQ5FyEAHRLSApuYWMmrbSwoN2Mn/7k+Gl38gJnR7yyDZk6WLXwiGod1JOWNDKGw=="],

    "itermcolors-to-hex": ["itermcolors-to-hex@1.0.1", "", { "dependencies": { "plist": "^3.0.1", "rgb-hex": "^2.1.0" } }, "sha512-DGcY7JCmmPL9oLQKUW+vOcnlnwhUmcK2upZVAg5htz0sK3/a0sF4n/X01vC5N+vzRxI9tWR92RdW0aDpu/urDA=="],

    "parse-ansi": ["parse-ansi@1.0.3", "", { "dependencies": { "ansi-regex": "^3.0.0", "array-uniq": "^1.0.3", "deepmerge": "^2.1.0", "strip-ansi": "^4.0.0", "super-split": "^1.1.0" } }, "sha512-xrvGsb43DHlcwmVuurG44PYJXUwd/obLocHbSSVofi+QX6lPxnShVYmRU+GZbKNuvMYbkbWU2TGgmLGl3F1dEw=="],

    "plist": ["plist@3.1.1", "", { "dependencies": { "@xmldom/xmldom": "^0.9.10", "base64-js": "^1.5.1", "xmlbuilder": "^15.1.1" } }, "sha512-ZIfcLJC+7E7FBFnDxm9MPmt7D+DidyQ26lewieO75AdhA2ayMtsJSES0iWzqJQbcVRSrTufQoy0DR94xHue0oA=="],

    "rgb-hex": ["rgb-hex@2.1.0", "", {}, "sha512-1hDa60MqECZiEGsa9TtcOE9VbV6fhZSMQARy7U+a2HkhIJyoEBhcG4v/qYAJYzV3Bbj+j52sBoAIKKF5EPuQZw=="],

    "strip-ansi": ["strip-ansi@4.0.0", "", { "dependencies": { "ansi-regex": "^3.0.0" } }, "sha512-4XaJ2zQdCzROZDivEVIDPkcQn8LMFSa8kj8Gxb/Lnwzv9A8VctNZ+lfivC/sV3ivW8ElJTERXZoPBRrZKkNKow=="],

    "super-split": ["super-split@1.1.0", "", {}, "sha512-I4bA5mgcb6Fw5UJ+EkpzqXfiuvVGS/7MuND+oBxNFmxu3ugLNrdIatzBLfhFRMVMLxgSsRy+TjIktgkF9RFSNQ=="],

    "xmlbuilder": ["xmlbuilder@15.1.1", "", {}, "sha512-yMqGBqtXyeN1e3TGYvgNgDVZ3j84W4cwkOXQswghol6APgZWaff9lnbvN7MHYJOiXsvGPXtjTYJEiC9J2wv9Eg=="],
  }
}
